// !$*UTF8*$!
{
	archiveVersion = 1;
	classes = {
	};
	objectVersion = 52;
	objects = {

/* Begin PBXBuildFile section */
		72625B8626867BC50076009B /* Window.swift in Sources */ = {isa = PBXBuildFile; fileRef = 72625B8526867BC50076009B /* Window.swift */; };
		72625B8826867BEA0076009B /* DecodedItem.swift in Sources */ = {isa = PBXBuildFile; fileRef = 72625B8726867BEA0076009B /* DecodedItem.swift */; };
		72625B8B26867C930076009B /* OrderedCollections in Frameworks */ = {isa = PBXBuildFile; productRef = 72625B8A26867C930076009B /* OrderedCollections */; };
		72625B8D26875A920076009B /* DecodedItemCell.swift in Sources */ = {isa = PBXBuildFile; fileRef = 72625B8C26875A920076009B /* DecodedItemCell.swift */; };
		729A0CB7268410CB00785E13 /* qrkyApp.swift in Sources */ = {isa = PBXBuildFile; fileRef = 729A0CB6268410CB00785E13 /* qrkyApp.swift */; };
		729A0CB9268410CB00785E13 /* HomeView.swift in Sources */ = {isa = PBXBuildFile; fileRef = 729A0CB8268410CB00785E13 /* HomeView.swift */; };
		729A0CBB268410CC00785E13 /* Assets.xcassets in Resources */ = {isa = PBXBuildFile; fileRef = 729A0CBA268410CC00785E13 /* Assets.xcassets */; };
		729A0CBE268410CC00785E13 /* Preview Assets.xcassets in Resources */ = {isa = PBXBuildFile; fileRef = 729A0CBD268410CC00785E13 /* Preview Assets.xcassets */; };
		729A0CC82684135B00785E13 /* HomeViewModel.swift in Sources */ = {isa = PBXBuildFile; fileRef = 729A0CC72684135B00785E13 /* HomeViewModel.swift */; };
		729A0CCB2684141600785E13 /* WindowReader.swift in Sources */ = {isa = PBXBuildFile; fileRef = 729A0CCA2684141600785E13 /* WindowReader.swift */; };
		729A0CCE2684228A00785E13 /* DebugView.swift in Sources */ = {isa = PBXBuildFile; fileRef = 729A0CCD2684228A00785E13 /* DebugView.swift */; };
		729A0CD02684251A00785E13 /* View+Extensions.swift in Sources */ = {isa = PBXBuildFile; fileRef = 729A0CCF2684251A00785E13 /* View+Extensions.swift */; };
		729A0CD326842E6500785E13 /* ReaderWindow.swift in Sources */ = {isa = PBXBuildFile; fileRef = 729A0CD226842E6500785E13 /* ReaderWindow.swift */; };
		729A0CD526842F8900785E13 /* ReaderView.swift in Sources */ = {isa = PBXBuildFile; fileRef = 729A0CD426842F8900785E13 /* ReaderView.swift */; };
		729A0CD7268438B200785E13 /* CIImage+Extensions.swift in Sources */ = {isa = PBXBuildFile; fileRef = 729A0CD6268438B200785E13 /* CIImage+Extensions.swift */; };
		729A0CD9268439CC00785E13 /* NSImage+Extensions.swift in Sources */ = {isa = PBXBuildFile; fileRef = 729A0CD8268439CC00785E13 /* NSImage+Extensions.swift */; };
		729A0CDB2684AD3A00785E13 /* ReaderViewModel.swift in Sources */ = {isa = PBXBuildFile; fileRef = 729A0CDA2684AD3A00785E13 /* ReaderViewModel.swift */; };
/* End PBXBuildFile section */

/* Begin PBXFileReference section */
		72625B8526867BC50076009B /* Window.swift */ = {isa = PBXFileReference; lastKnownFileType = sourcecode.swift; path = Window.swift; sourceTree = "<group>"; };
		72625B8726867BEA0076009B /* DecodedItem.swift */ = {isa = PBXFileReference; lastKnownFileType = sourcecode.swift; path = DecodedItem.swift; sourceTree = "<group>"; };
		72625B8C26875A920076009B /* DecodedItemCell.swift */ = {isa = PBXFileReference; lastKnownFileType = sourcecode.swift; path = DecodedItemCell.swift; sourceTree = "<group>"; };
		729A0CB3268410CB00785E13 /* QRky.app */ = {isa = PBXFileReference; explicitFileType = wrapper.application; includeInIndex = 0; path = QRky.app; sourceTree = BUILT_PRODUCTS_DIR; };
		729A0CB6268410CB00785E13 /* qrkyApp.swift */ = {isa = PBXFileReference; lastKnownFileType = sourcecode.swift; path = qrkyApp.swift; sourceTree = "<group>"; };
		729A0CB8268410CB00785E13 /* HomeView.swift */ = {isa = PBXFileReference; lastKnownFileType = sourcecode.swift; path = HomeView.swift; sourceTree = "<group>"; };
		729A0CBA268410CC00785E13 /* Assets.xcassets */ = {isa = PBXFileReference; lastKnownFileType = folder.assetcatalog; path = Assets.xcassets; sourceTree = "<group>"; };
		729A0CBD268410CC00785E13 /* Preview Assets.xcassets */ = {isa = PBXFileReference; lastKnownFileType = folder.assetcatalog; path = "Preview Assets.xcassets"; sourceTree = "<group>"; };
		729A0CBF268410CC00785E13 /* Info.plist */ = {isa = PBXFileReference; lastKnownFileType = text.plist.xml; path = Info.plist; sourceTree = "<group>"; };
		729A0CC0268410CC00785E13 /* qrky.entitlements */ = {isa = PBXFileReference; lastKnownFileType = text.plist.entitlements; path = qrky.entitlements; sourceTree = "<group>"; };
		729A0CC72684135B00785E13 /* HomeViewModel.swift */ = {isa = PBXFileReference; lastKnownFileType = sourcecode.swift; path = HomeViewModel.swift; sourceTree = "<group>"; };
		729A0CCA2684141600785E13 /* WindowReader.swift */ = {isa = PBXFileReference; lastKnownFileType = sourcecode.swift; path = WindowReader.swift; sourceTree = "<group>"; };
		729A0CCD2684228A00785E13 /* DebugView.swift */ = {isa = PBXFileReference; lastKnownFileType = sourcecode.swift; path = DebugView.swift; sourceTree = "<group>"; };
		729A0CCF2684251A00785E13 /* View+Extensions.swift */ = {isa = PBXFileReference; lastKnownFileType = sourcecode.swift; path = "View+Extensions.swift"; sourceTree = "<group>"; };
		729A0CD226842E6500785E13 /* ReaderWindow.swift */ = {isa = PBXFileReference; lastKnownFileType = sourcecode.swift; path = ReaderWindow.swift; sourceTree = "<group>"; };
		729A0CD426842F8900785E13 /* ReaderView.swift */ = {isa = PBXFileReference; lastKnownFileType = sourcecode.swift; path = ReaderView.swift; sourceTree = "<group>"; };
		729A0CD6268438B200785E13 /* CIImage+Extensions.swift */ = {isa = PBXFileReference; lastKnownFileType = sourcecode.swift; path = "CIImage+Extensions.swift"; sourceTree = "<group>"; };
		729A0CD8268439CC00785E13 /* NSImage+Extensions.swift */ = {isa = PBXFileReference; lastKnownFileType = sourcecode.swift; path = "NSImage+Extensions.swift"; sourceTree = "<group>"; };
		729A0CDA2684AD3A00785E13 /* ReaderViewModel.swift */ = {isa = PBXFileReference; lastKnownFileType = sourcecode.swift; path = ReaderViewModel.swift; sourceTree = "<group>"; };
/* End PBXFileReference section */

/* Begin PBXFrameworksBuildPhase section */
		729A0CB0268410CB00785E13 /* Frameworks */ = {
			isa = PBXFrameworksBuildPhase;
			buildActionMask = 2147483647;
			files = (
				72625B8B26867C930076009B /* OrderedCollections in Frameworks */,
			);
			runOnlyForDeploymentPostprocessing = 0;
		};
/* End PBXFrameworksBuildPhase section */

/* Begin PBXGroup section */
		72625B8226867B3C0076009B /* Data */ = {
			isa = PBXGroup;
			children = (
				72625B8526867BC50076009B /* Window.swift */,
				72625B8726867BEA0076009B /* DecodedItem.swift */,
			);
			path = Data;
			sourceTree = "<group>";
		};
		729A0CAA268410CB00785E13 = {
			isa = PBXGroup;
			children = (
				729A0CB5268410CB00785E13 /* qrky */,
				729A0CB4268410CB00785E13 /* Products */,
			);
			sourceTree = "<group>";
		};
		729A0CB4268410CB00785E13 /* Products */ = {
			isa = PBXGroup;
			children = (
				729A0CB3268410CB00785E13 /* QRky.app */,
			);
			name = Products;
			sourceTree = "<group>";
		};
		729A0CB5268410CB00785E13 /* qrky */ = {
			isa = PBXGroup;
			children = (
				72625B8226867B3C0076009B /* Data */,
				729A0CD126842E5300785E13 /* Reader */,
				729A0CCC2684227900785E13 /* Debug */,
				729A0CC9268413F700785E13 /* Utilities */,
				729A0CC62684134600785E13 /* Home */,
				729A0CB6268410CB00785E13 /* qrkyApp.swift */,
				729A0CBA268410CC00785E13 /* Assets.xcassets */,
				729A0CBF268410CC00785E13 /* Info.plist */,
				729A0CC0268410CC00785E13 /* qrky.entitlements */,
				729A0CBC268410CC00785E13 /* Preview Content */,
			);
			path = qrky;
			sourceTree = "<group>";
		};
		729A0CBC268410CC00785E13 /* Preview Content */ = {
			isa = PBXGroup;
			children = (
				729A0CBD268410CC00785E13 /* Preview Assets.xcassets */,
			);
			path = "Preview Content";
			sourceTree = "<group>";
		};
		729A0CC62684134600785E13 /* Home */ = {
			isa = PBXGroup;
			children = (
				729A0CB8268410CB00785E13 /* HomeView.swift */,
				729A0CC72684135B00785E13 /* HomeViewModel.swift */,
				72625B8C26875A920076009B /* DecodedItemCell.swift */,
			);
			path = Home;
			sourceTree = "<group>";
		};
		729A0CC9268413F700785E13 /* Utilities */ = {
			isa = PBXGroup;
			children = (
				729A0CCA2684141600785E13 /* WindowReader.swift */,
				729A0CCF2684251A00785E13 /* View+Extensions.swift */,
				729A0CD6268438B200785E13 /* CIImage+Extensions.swift */,
				729A0CD8268439CC00785E13 /* NSImage+Extensions.swift */,
			);
			path = Utilities;
			sourceTree = "<group>";
		};
		729A0CCC2684227900785E13 /* Debug */ = {
			isa = PBXGroup;
			children = (
				729A0CCD2684228A00785E13 /* DebugView.swift */,
			);
			path = Debug;
			sourceTree = "<group>";
		};
		729A0CD126842E5300785E13 /* Reader */ = {
			isa = PBXGroup;
			children = (
				729A0CD226842E6500785E13 /* ReaderWindow.swift */,
				729A0CD426842F8900785E13 /* ReaderView.swift */,
				729A0CDA2684AD3A00785E13 /* ReaderViewModel.swift */,
			);
			path = Reader;
			sourceTree = "<group>";
		};
/* End PBXGroup section */

/* Begin PBXNativeTarget section */
		729A0CB2268410CB00785E13 /* QRky */ = {
			isa = PBXNativeTarget;
			buildConfigurationList = 729A0CC3268410CC00785E13 /* Build configuration list for PBXNativeTarget "QRky" */;
			buildPhases = (
				729A0CAF268410CB00785E13 /* Sources */,
				729A0CB0268410CB00785E13 /* Frameworks */,
				729A0CB1268410CB00785E13 /* Resources */,
			);
			buildRules = (
			);
			dependencies = (
			);
			name = QRky;
			packageProductDependencies = (
				72625B8A26867C930076009B /* OrderedCollections */,
			);
			productName = qrky;
			productReference = 729A0CB3268410CB00785E13 /* QRky.app */;
			productType = "com.apple.product-type.application";
		};
/* End PBXNativeTarget section */

/* Begin PBXProject section */
		729A0CAB268410CB00785E13 /* Project object */ = {
			isa = PBXProject;
			attributes = {
				LastSwiftUpdateCheck = 1250;
				LastUpgradeCheck = 1250;
				TargetAttributes = {
					729A0CB2268410CB00785E13 = {
						CreatedOnToolsVersion = 12.5;
					};
				};
			};
			buildConfigurationList = 729A0CAE268410CB00785E13 /* Build configuration list for PBXProject "qrky" */;
			compatibilityVersion = "Xcode 9.3";
			developmentRegion = en;
			hasScannedForEncodings = 0;
			knownRegions = (
				en,
				Base,
			);
			mainGroup = 729A0CAA268410CB00785E13;
			packageReferences = (
				72625B8926867C930076009B /* XCRemoteSwiftPackageReference "swift-collections" */,
			);
			productRefGroup = 729A0CB4268410CB00785E13 /* Products */;
			projectDirPath = "";
			projectRoot = "";
			targets = (
				729A0CB2268410CB00785E13 /* QRky */,
			);
		};
/* End PBXProject section */

/* Begin PBXResourcesBuildPhase section */
		729A0CB1268410CB00785E13 /* Resources */ = {
			isa = PBXResourcesBuildPhase;
			buildActionMask = 2147483647;
			files = (
				729A0CBE268410CC00785E13 /* Preview Assets.xcassets in Resources */,
				729A0CBB268410CC00785E13 /* Assets.xcassets in Resources */,
			);
			runOnlyForDeploymentPostprocessing = 0;
		};
/* End PBXResourcesBuildPhase section */

/* Begin PBXSourcesBuildPhase section */
		729A0CAF268410CB00785E13 /* Sources */ = {
			isa = PBXSourcesBuildPhase;
			buildActionMask = 2147483647;
			files = (
				729A0CCB2684141600785E13 /* WindowReader.swift in Sources */,
				72625B8626867BC50076009B /* Window.swift in Sources */,
				729A0CD526842F8900785E13 /* ReaderView.swift in Sources */,
				729A0CD326842E6500785E13 /* ReaderWindow.swift in Sources */,
				729A0CD7268438B200785E13 /* CIImage+Extensions.swift in Sources */,
				72625B8D26875A920076009B /* DecodedItemCell.swift in Sources */,
				729A0CCE2684228A00785E13 /* DebugView.swift in Sources */,
				729A0CB9268410CB00785E13 /* HomeView.swift in Sources */,
				729A0CC82684135B00785E13 /* HomeViewModel.swift in Sources */,
				729A0CD02684251A00785E13 /* View+Extensions.swift in Sources */,
				729A0CD9268439CC00785E13 /* NSImage+Extensions.swift in Sources */,
				72625B8826867BEA0076009B /* DecodedItem.swift in Sources */,
				729A0CB7268410CB00785E13 /* qrkyApp.swift in Sources */,
				729A0CDB2684AD3A00785E13 /* ReaderViewModel.swift in Sources */,
			);
			runOnlyForDeploymentPostprocessing = 0;
		};
/* End PBXSourcesBuildPhase section */

/* Begin XCBuildConfiguration section */
		729A0CC1268410CC00785E13 /* Debug */ = {
			isa = XCBuildConfiguration;
			buildSettings = {
				ALWAYS_SEARCH_USER_PATHS = NO;
				CLANG_ANALYZER_NONNULL = YES;
				CLANG_ANALYZER_NUMBER_OBJECT_CONVERSION = YES_AGGRESSIVE;
				CLANG_CXX_LANGUAGE_STANDARD = "gnu++14";
				CLANG_CXX_LIBRARY = "libc++";
				CLANG_ENABLE_MODULES = YES;
				CLANG_ENABLE_OBJC_ARC = YES;
				CLANG_ENABLE_OBJC_WEAK = YES;
				CLANG_WARN_BLOCK_CAPTURE_AUTORELEASING = YES;
				CLANG_WARN_BOOL_CONVERSION = YES;
				CLANG_WARN_COMMA = YES;
				CLANG_WARN_CONSTANT_CONVERSION = YES;
				CLANG_WARN_DEPRECATED_OBJC_IMPLEMENTATIONS = YES;
				CLANG_WARN_DIRECT_OBJC_ISA_USAGE = YES_ERROR;
				CLANG_WARN_DOCUMENTATION_COMMENTS = YES;
				CLANG_WARN_EMPTY_BODY = YES;
				CLANG_WARN_ENUM_CONVERSION = YES;
				CLANG_WARN_INFINITE_RECURSION = YES;
				CLANG_WARN_INT_CONVERSION = YES;
				CLANG_WARN_NON_LITERAL_NULL_CONVERSION = YES;
				CLANG_WARN_OBJC_IMPLICIT_RETAIN_SELF = YES;
				CLANG_WARN_OBJC_LITERAL_CONVERSION = YES;
				CLANG_WARN_OBJC_ROOT_CLASS = YES_ERROR;
				CLANG_WARN_QUOTED_INCLUDE_IN_FRAMEWORK_HEADER = YES;
				CLANG_WARN_RANGE_LOOP_ANALYSIS = YES;
				CLANG_WARN_STRICT_PROTOTYPES = YES;
				CLANG_WARN_SUSPICIOUS_MOVE = YES;
				CLANG_WARN_UNGUARDED_AVAILABILITY = YES_AGGRESSIVE;
				CLANG_WARN_UNREACHABLE_CODE = YES;
				CLANG_WARN__DUPLICATE_METHOD_MATCH = YES;
				COPY_PHASE_STRIP = NO;
				DEBUG_INFORMATION_FORMAT = dwarf;
				ENABLE_STRICT_OBJC_MSGSEND = YES;
				ENABLE_TESTABILITY = YES;
				GCC_C_LANGUAGE_STANDARD = gnu11;
				GCC_DYNAMIC_NO_PIC = NO;
				GCC_NO_COMMON_BLOCKS = YES;
				GCC_OPTIMIZATION_LEVEL = 0;
				GCC_PREPROCESSOR_DEFINITIONS = (
					"DEBUG=1",
					"$(inherited)",
				);
				GCC_WARN_64_TO_32_BIT_CONVERSION = YES;
				GCC_WARN_ABOUT_RETURN_TYPE = YES_ERROR;
				GCC_WARN_UNDECLARED_SELECTOR = YES;
				GCC_WARN_UNINITIALIZED_AUTOS = YES_AGGRESSIVE;
				GCC_WARN_UNUSED_FUNCTION = YES;
				GCC_WARN_UNUSED_VARIABLE = YES;
				MACOSX_DEPLOYMENT_TARGET = 11.3;
				MTL_ENABLE_DEBUG_INFO = INCLUDE_SOURCE;
				MTL_FAST_MATH = YES;
				ONLY_ACTIVE_ARCH = YES;
				SDKROOT = macosx;
				SWIFT_ACTIVE_COMPILATION_CONDITIONS = DEBUG;
				SWIFT_OPTIMIZATION_LEVEL = "-Onone";
			};
			name = Debug;
		};
		729A0CC2268410CC00785E13 /* Release */ = {
			isa = XCBuildConfiguration;
			buildSettings = {
				ALWAYS_SEARCH_USER_PATHS = NO;
				CLANG_ANALYZER_NONNULL = YES;
				CLANG_ANALYZER_NUMBER_OBJECT_CONVERSION = YES_AGGRESSIVE;
				CLANG_CXX_LANGUAGE_STANDARD = "gnu++14";
				CLANG_CXX_LIBRARY = "libc++";
				CLANG_ENABLE_MODULES = YES;
				CLANG_ENABLE_OBJC_ARC = YES;
				CLANG_ENABLE_OBJC_WEAK = YES;
				CLANG_WARN_BLOCK_CAPTURE_AUTORELEASING = YES;
				CLANG_WARN_BOOL_CONVERSION = YES;
				CLANG_WARN_COMMA = YES;
				CLANG_WARN_CONSTANT_CONVERSION = YES;
				CLANG_WARN_DEPRECATED_OBJC_IMPLEMENTATIONS = YES;
				CLANG_WARN_DIRECT_OBJC_ISA_USAGE = YES_ERROR;
				CLANG_WARN_DOCUMENTATION_COMMENTS = YES;
				CLANG_WARN_EMPTY_BODY = YES;
				CLANG_WARN_ENUM_CONVERSION = YES;
				CLANG_WARN_INFINITE_RECURSION = YES;
				CLANG_WARN_INT_CONVERSION = YES;
				CLANG_WARN_NON_LITERAL_NULL_CONVERSION = YES;
				CLANG_WARN_OBJC_IMPLICIT_RETAIN_SELF = YES;
				CLANG_WARN_OBJC_LITERAL_CONVERSION = YES;
				CLANG_WARN_OBJC_ROOT_CLASS = YES_ERROR;
				CLANG_WARN_QUOTED_INCLUDE_IN_FRAMEWORK_HEADER = YES;
				CLANG_WARN_RANGE_LOOP_ANALYSIS = YES;
				CLANG_WARN_STRICT_PROTOTYPES = YES;
				CLANG_WARN_SUSPICIOUS_MOVE = YES;
				CLANG_WARN_UNGUARDED_AVAILABILITY = YES_AGGRESSIVE;
				CLANG_WARN_UNREACHABLE_CODE = YES;
				CLANG_WARN__DUPLICATE_METHOD_MATCH = YES;
				COPY_PHASE_STRIP = NO;
				DEBUG_INFORMATION_FORMAT = "dwarf-with-dsym";
				ENABLE_NS_ASSERTIONS = NO;
				ENABLE_STRICT_OBJC_MSGSEND = YES;
				GCC_C_LANGUAGE_STANDARD = gnu11;
				GCC_NO_COMMON_BLOCKS = YES;
				GCC_WARN_64_TO_32_BIT_CONVERSION = YES;
				GCC_WARN_ABOUT_RETURN_TYPE = YES_ERROR;
				GCC_WARN_UNDECLARED_SELECTOR = YES;
				GCC_WARN_UNINITIALIZED_AUTOS = YES_AGGRESSIVE;
				GCC_WARN_UNUSED_FUNCTION = YES;
				GCC_WARN_UNUSED_VARIABLE = YES;
				MACOSX_DEPLOYMENT_TARGET = 11.3;
				MTL_ENABLE_DEBUG_INFO = NO;
				MTL_FAST_MATH = YES;
				SDKROOT = macosx;
				SWIFT_COMPILATION_MODE = wholemodule;
				SWIFT_OPTIMIZATION_LEVEL = "-O";
			};
			name = Release;
		};
		729A0CC4268410CC00785E13 /* Debug */ = {
			isa = XCBuildConfiguration;
			buildSettings = {
				ASSETCATALOG_COMPILER_APPICON_NAME = AppIcon;
				ASSETCATALOG_COMPILER_GLOBAL_ACCENT_COLOR_NAME = AccentColor;
				CODE_SIGN_ENTITLEMENTS = qrky/qrky.entitlements;
				CODE_SIGN_STYLE = Automatic;
				COMBINE_HIDPI_IMAGES = YES;
				DEVELOPMENT_ASSET_PATHS = "\"qrky/Preview Content\"";
				DEVELOPMENT_TEAM = YN24FFRTC8;
				ENABLE_HARDENED_RUNTIME = YES;
				ENABLE_PREVIEWS = YES;
				INFOPLIST_FILE = qrky/Info.plist;
				LD_RUNPATH_SEARCH_PATHS = (
					"$(inherited)",
					"@executable_path/../Frameworks",
				);
				MACOSX_DEPLOYMENT_TARGET = 11.0;
				PRODUCT_BUNDLE_IDENTIFIER = me.foureyes.qrky;
				PRODUCT_NAME = "$(TARGET_NAME)";
				SWIFT_VERSION = 5.0;
			};
			name = Debug;
		};
		729A0CC5268410CC00785E13 /* Release */ = {
			isa = XCBuildConfiguration;
			buildSettings = {
				ASSETCATALOG_COMPILER_APPICON_NAME = AppIcon;
				ASSETCATALOG_COMPILER_GLOBAL_ACCENT_COLOR_NAME = AccentColor;
				CODE_SIGN_ENTITLEMENTS = qrky/qrky.entitlements;
				CODE_SIGN_STYLE = Automatic;
				COMBINE_HIDPI_IMAGES = YES;
				DEVELOPMENT_ASSET_PATHS = "\"qrky/Preview Content\"";
				DEVELOPMENT_TEAM = YN24FFRTC8;
				ENABLE_HARDENED_RUNTIME = YES;
				ENABLE_PREVIEWS = YES;
				INFOPLIST_FILE = qrky/Info.plist;
				LD_RUNPATH_SEARCH_PATHS = (
					"$(inherited)",
					"@executable_path/../Frameworks",
				);
				MACOSX_DEPLOYMENT_TARGET = 11.0;
				PRODUCT_BUNDLE_IDENTIFIER = me.foureyes.qrky;
				PRODUCT_NAME = "$(TARGET_NAME)";
				SWIFT_VERSION = 5.0;
			};
			name = Release;
		};
/* End XCBuildConfiguration section */

/* Begin XCConfigurationList section */
		729A0CAE268410CB00785E13 /* Build configuration list for PBXProject "qrky" */ = {
			isa = XCConfigurationList;
			buildConfigurations = (
				729A0CC1268410CC00785E13 /* Debug */,
				729A0CC2268410CC00785E13 /* Release */,
			);
			defaultConfigurationIsVisible = 0;
			defaultConfigurationName = Release;
		};
		729A0CC3268410CC00785E13 /* Build configuration list for PBXNativeTarget "QRky" */ = {
			isa = XCConfigurationList;
			buildConfigurations = (
				729A0CC4268410CC00785E13 /* Debug */,
				729A0CC5268410CC00785E13 /* Release */,
			);
			defaultConfigurationIsVisible = 0;
			defaultConfigurationName = Release;
		};
/* End XCConfigurationList section */

/* Begin XCRemoteSwiftPackageReference section */
		72625B8926867C930076009B /* XCRemoteSwiftPackageReference "swift-collections" */ = {
			isa = XCRemoteSwiftPackageReference;
			repositoryURL = "https://github.com/apple/swift-collections";
			requirement = {
				kind = upToNextMajorVersion;
				minimumVersion = 0.0.3;
			};
		};
/* End XCRemoteSwiftPackageReference section */

/* Begin XCSwiftPackageProductDependency section */
		72625B8A26867C930076009B /* OrderedCollections */ = {
			isa = XCSwiftPackageProductDependency;
			package = 72625B8926867C930076009B /* XCRemoteSwiftPackageReference "swift-collections" */;
			productName = OrderedCollections;
		};
/* End XCSwiftPackageProductDependency section */
	};
	rootObject = 729A0CAB268410CB00785E13 /* Project object */;
}
